
Microsoft Visual Studio Solution File, Format Version 12.00
# Visual Studio 15
VisualStudioVersion = 15.0.27130.2036
MinimumVisualStudioVersion = 10.0.40219.1
Project("{8BC9CEB8-8B4A-11D0-8D11-00A0C91BC942}") = "우애애앵", "우애애앵\우애애앵.vcxproj", "{BBE22E1E-CD4D-45CA-B0F8-0686E9FEC4D3}"
EndProject
Global
	GlobalSection(SolutionConfigurationPlatforms) = preSolution
		Debug|x64 = Debug|x64
		Debug|x86 = Debug|x86
		Release|x64 = Release|x64
		Release|x86 = Release|x86
	EndGlobalSection
	GlobalSection(ProjectConfigurationPlatforms) = postSolution
		{BBE22E1E-CD4D-45CA-B0F8-0686E9FEC4D3}.Debug|x64.ActiveCfg = Debug|x64
		{BBE22E1E-CD4D-45CA-B0F8-0686E9FEC4D3}.Debug|x64.Build.0 = Debug|x64
		{BBE22E1E-CD4D-45CA-B0F8-0686E9FEC4D3}.Debug|x86.ActiveCfg = Debug|Win32
		{BBE22E1E-CD4D-45CA-B0F8-0686E9FEC4D3}.Debug|x86.Build.0 = Debug|Win32
		{BBE22E1E-CD4D-45CA-B0F8-0686E9FEC4D3}.Release|x64.ActiveCfg = Release|x64
		{BBE22E1E-CD4D-45CA-B0F8-0686E9FEC4D3}.Release|x64.Build.0 = Release|x64
		{BBE22E1E-CD4D-45CA-B0F8-0686E9FEC4D3}.Release|x86.ActiveCfg = Release|Win32
		{BBE22E1E-CD4D-45CA-B0F8-0686E9FEC4D3}.Release|x86.Build.0 = Release|Win32
	EndGlobalSection
	GlobalSection(SolutionProperties) = preSolution
		HideSolutionNode = FALSE
	EndGlobalSection
	GlobalSection(ExtensibilityGlobals) = postSolution
		SolutionGuid = {33DA9455-C4B6-49F6-8D9C-A6369B53A419}
	EndGlobalSection
EndGlobal
